
Microsoft Visual Studio Solution File, Format Version 12.00
# Visual Studio Version 17
VisualStudioVersion = 17.9.34723.18
MinimumVisualStudioVersion = 10.0.40219.1
Project("{2150E333-8FDC-42A3-9474-1A3956D46DE8}") = "Core", "Core", "{92DABDFB-4A28-44B2-A97D-A56B45F42A6C}"
EndProject
Project("{9A19103F-16F7-4668-BE54-9A1E7A4F7556}") = "CarBook.Domain", "Core\CarBook.Domain\CarBook.Domain.csproj", "{5509B697-AB6D-4B99-8BF8-55BED6078632}"
EndProject
Project("{2150E333-8FDC-42A3-9474-1A3956D46DE8}") = "Infrastructure", "Infrastructure", "{4B758BCD-0523-4490-B54A-7057FF7FBA03}"
EndProject
Project("{9A19103F-16F7-4668-BE54-9A1E7A4F7556}") = "CarBook.Persistence", "Infrastructure\CarBook.Persistence\CarBook.Persistence.csproj", "{867EB91C-B284-4773-A191-2B138949247F}"
EndProject
Project("{2150E333-8FDC-42A3-9474-1A3956D46DE8}") = "Presentation", "Presentation", "{E73AD96C-4677-4977-B11B-D54B39CE9ACD}"
EndProject
Project("{9A19103F-16F7-4668-BE54-9A1E7A4F7556}") = "CarBook.WebApi", "Presentation\CarBook.WebApi\CarBook.WebApi.csproj", "{C75C1DB2-EF16-4075-BE33-2724539BA610}"
EndProject
Project("{9A19103F-16F7-4668-BE54-9A1E7A4F7556}") = "CarBook.Application", "Core\CarBook.Application\CarBook.Application.csproj", "{76B2686D-251F-4A6F-B356-5A5CD92B6E20}"
EndProject
Project("{2150E333-8FDC-42A3-9474-1A3956D46DE8}") = "Frontends", "Frontends", "{8C3E8DDD-DA54-41F0-B28B-AB5B1DDA1DB3}"
EndProject
Project("{FAE04EC0-301F-11D3-BF4B-00C04F79EFBC}") = "CarBook.WebUI", "Frontends\CarBook.WebUI\CarBook.WebUI.csproj", "{D89F97B6-0FFA-4780-82E1-2B17E9C2D7BB}"
EndProject
Global
	GlobalSection(SolutionConfigurationPlatforms) = preSolution
		Debug|Any CPU = Debug|Any CPU
		Release|Any CPU = Release|Any CPU
	EndGlobalSection
	GlobalSection(ProjectConfigurationPlatforms) = postSolution
		{5509B697-AB6D-4B99-8BF8-55BED6078632}.Debug|Any CPU.ActiveCfg = Debug|Any CPU
		{5509B697-AB6D-4B99-8BF8-55BED6078632}.Debug|Any CPU.Build.0 = Debug|Any CPU
		{5509B697-AB6D-4B99-8BF8-55BED6078632}.Release|Any CPU.ActiveCfg = Release|Any CPU
		{5509B697-AB6D-4B99-8BF8-55BED6078632}.Release|Any CPU.Build.0 = Release|Any CPU
		{867EB91C-B284-4773-A191-2B138949247F}.Debug|Any CPU.ActiveCfg = Debug|Any CPU
		{867EB91C-B284-4773-A191-2B138949247F}.Debug|Any CPU.Build.0 = Debug|Any CPU
		{867EB91C-B284-4773-A191-2B138949247F}.Release|Any CPU.ActiveCfg = Release|Any CPU
		{867EB91C-B284-4773-A191-2B138949247F}.Release|Any CPU.Build.0 = Release|Any CPU
		{C75C1DB2-EF16-4075-BE33-2724539BA610}.Debug|Any CPU.ActiveCfg = Debug|Any CPU
		{C75C1DB2-EF16-4075-BE33-2724539BA610}.Debug|Any CPU.Build.0 = Debug|Any CPU
		{C75C1DB2-EF16-4075-BE33-2724539BA610}.Release|Any CPU.ActiveCfg = Release|Any CPU
		{C75C1DB2-EF16-4075-BE33-2724539BA610}.Release|Any CPU.Build.0 = Release|Any CPU
		{76B2686D-251F-4A6F-B356-5A5CD92B6E20}.Debug|Any CPU.ActiveCfg = Debug|Any CPU
		{76B2686D-251F-4A6F-B356-5A5CD92B6E20}.Debug|Any CPU.Build.0 = Debug|Any CPU
		{76B2686D-251F-4A6F-B356-5A5CD92B6E20}.Release|Any CPU.ActiveCfg = Release|Any CPU
		{76B2686D-251F-4A6F-B356-5A5CD92B6E20}.Release|Any CPU.Build.0 = Release|Any CPU
		{D89F97B6-0FFA-4780-82E1-2B17E9C2D7BB}.Debug|Any CPU.ActiveCfg = Debug|Any CPU
		{D89F97B6-0FFA-4780-82E1-2B17E9C2D7BB}.Debug|Any CPU.Build.0 = Debug|Any CPU
		{D89F97B6-0FFA-4780-82E1-2B17E9C2D7BB}.Release|Any CPU.ActiveCfg = Release|Any CPU
		{D89F97B6-0FFA-4780-82E1-2B17E9C2D7BB}.Release|Any CPU.Build.0 = Release|Any CPU
	EndGlobalSection
	GlobalSection(SolutionProperties) = preSolution
		HideSolutionNode = FALSE
	EndGlobalSection
	GlobalSection(NestedProjects) = preSolution
		{5509B697-AB6D-4B99-8BF8-55BED6078632} = {92DABDFB-4A28-44B2-A97D-A56B45F42A6C}
		{867EB91C-B284-4773-A191-2B138949247F} = {4B758BCD-0523-4490-B54A-7057FF7FBA03}
		{C75C1DB2-EF16-4075-BE33-2724539BA610} = {E73AD96C-4677-4977-B11B-D54B39CE9ACD}
		{76B2686D-251F-4A6F-B356-5A5CD92B6E20} = {92DABDFB-4A28-44B2-A97D-A56B45F42A6C}
		{D89F97B6-0FFA-4780-82E1-2B17E9C2D7BB} = {8C3E8DDD-DA54-41F0-B28B-AB5B1DDA1DB3}
	EndGlobalSection
	GlobalSection(ExtensibilityGlobals) = postSolution
		SolutionGuid = {93D338DD-ACC5-4E08-9D72-AD70CB1CF8FA}
	EndGlobalSection
EndGlobal
